
Microsoft Visual Studio Solution File, Format Version 12.00
# Visual Studio Version 17
VisualStudioVersion = 17.10.35013.160
MinimumVisualStudioVersion = 10.0.40219.1
Project("{FAE04EC0-301F-11D3-BF4B-00C04F79EFBC}") = "WindowsFormsApp3", "WindowsFormsApp3.csproj", "{B6632D45-E94F-4CCC-96D1-A551C4BD535D}"
EndProject
Global
	GlobalSection(SolutionConfigurationPlatforms) = preSolution
		Debug|Any CPU = Debug|Any CPU
		Release|Any CPU = Release|Any CPU
	EndGlobalSection
	GlobalSection(ProjectConfigurationPlatforms) = postSolution
		{B6632D45-E94F-4CCC-96D1-A551C4BD535D}.Debug|Any CPU.ActiveCfg = Debug|Any CPU
		{B6632D45-E94F-4CCC-96D1-A551C4BD535D}.Debug|Any CPU.Build.0 = Debug|Any CPU
		{B6632D45-E94F-4CCC-96D1-A551C4BD535D}.Release|Any CPU.ActiveCfg = Release|Any CPU
		{B6632D45-E94F-4CCC-96D1-A551C4BD535D}.Release|Any CPU.Build.0 = Release|Any CPU
	EndGlobalSection
	GlobalSection(SolutionProperties) = preSolution
		HideSolutionNode = FALSE
	EndGlobalSection
	GlobalSection(ExtensibilityGlobals) = postSolution
		SolutionGuid = {90493022-7A16-444E-98FC-AAF52C7A79AD}
	EndGlobalSection
EndGlobal
